
Microsoft Visual Studio Solution File, Format Version 12.00
# Visual Studio 15
VisualStudioVersion = 15.0.26730.16
MinimumVisualStudioVersion = 10.0.40219.1
Project("{FAE04EC0-301F-11D3-BF4B-00C04F79EFBC}") = "PhoneBookMvc", "PhoneBookMvc\PhoneBookMvc.csproj", "{71478D9E-807D-4D60-A11C-944CDC331055}"
EndProject
Project("{FAE04EC0-301F-11D3-BF4B-00C04F79EFBC}") = "PhoneBookMvc.Tests", "PhoneBookMvc.Tests\PhoneBookMvc.Tests.csproj", "{B629D60E-CEFB-496F-B156-E1F6B54FFE94}"
EndProject
Project("{2150E333-8FDC-42A3-9474-1A3956D46DE8}") = "Domain", "Domain", "{CCBC64D4-4EA6-4014-AF81-1EE4CA5ABED4}"
EndProject
Project("{2150E333-8FDC-42A3-9474-1A3956D46DE8}") = "Infrastructure", "Infrastructure", "{F5E9A160-67FC-4B73-975D-B78793C89ACE}"
EndProject
Project("{FAE04EC0-301F-11D3-BF4B-00C04F79EFBC}") = "InfrastructureData", "InfrastructureData\InfrastructureData.csproj", "{BA410FD6-68BA-4B8D-BA7D-4F200B454630}"
EndProject
Project("{FAE04EC0-301F-11D3-BF4B-00C04F79EFBC}") = "EntityServices", "EntityServices\EntityServices.csproj", "{D719353C-87BD-4FEF-B7BC-4FDE844E6D7C}"
EndProject
Global
	GlobalSection(SolutionConfigurationPlatforms) = preSolution
		Debug|Any CPU = Debug|Any CPU
		Release|Any CPU = Release|Any CPU
	EndGlobalSection
	GlobalSection(ProjectConfigurationPlatforms) = postSolution
		{71478D9E-807D-4D60-A11C-944CDC331055}.Debug|Any CPU.ActiveCfg = Debug|Any CPU
		{71478D9E-807D-4D60-A11C-944CDC331055}.Debug|Any CPU.Build.0 = Debug|Any CPU
		{71478D9E-807D-4D60-A11C-944CDC331055}.Release|Any CPU.ActiveCfg = Release|Any CPU
		{71478D9E-807D-4D60-A11C-944CDC331055}.Release|Any CPU.Build.0 = Release|Any CPU
		{B629D60E-CEFB-496F-B156-E1F6B54FFE94}.Debug|Any CPU.ActiveCfg = Debug|Any CPU
		{B629D60E-CEFB-496F-B156-E1F6B54FFE94}.Debug|Any CPU.Build.0 = Debug|Any CPU
		{B629D60E-CEFB-496F-B156-E1F6B54FFE94}.Release|Any CPU.ActiveCfg = Release|Any CPU
		{B629D60E-CEFB-496F-B156-E1F6B54FFE94}.Release|Any CPU.Build.0 = Release|Any CPU
		{BA410FD6-68BA-4B8D-BA7D-4F200B454630}.Debug|Any CPU.ActiveCfg = Debug|Any CPU
		{BA410FD6-68BA-4B8D-BA7D-4F200B454630}.Debug|Any CPU.Build.0 = Debug|Any CPU
		{BA410FD6-68BA-4B8D-BA7D-4F200B454630}.Release|Any CPU.ActiveCfg = Release|Any CPU
		{BA410FD6-68BA-4B8D-BA7D-4F200B454630}.Release|Any CPU.Build.0 = Release|Any CPU
		{D719353C-87BD-4FEF-B7BC-4FDE844E6D7C}.Debug|Any CPU.ActiveCfg = Debug|Any CPU
		{D719353C-87BD-4FEF-B7BC-4FDE844E6D7C}.Debug|Any CPU.Build.0 = Debug|Any CPU
		{D719353C-87BD-4FEF-B7BC-4FDE844E6D7C}.Release|Any CPU.ActiveCfg = Release|Any CPU
		{D719353C-87BD-4FEF-B7BC-4FDE844E6D7C}.Release|Any CPU.Build.0 = Release|Any CPU
	EndGlobalSection
	GlobalSection(SolutionProperties) = preSolution
		HideSolutionNode = FALSE
	EndGlobalSection
	GlobalSection(NestedProjects) = preSolution
		{BA410FD6-68BA-4B8D-BA7D-4F200B454630} = {F5E9A160-67FC-4B73-975D-B78793C89ACE}
		{D719353C-87BD-4FEF-B7BC-4FDE844E6D7C} = {CCBC64D4-4EA6-4014-AF81-1EE4CA5ABED4}
	EndGlobalSection
	GlobalSection(ExtensibilityGlobals) = postSolution
		SolutionGuid = {F9EE13D3-7DF5-46C6-874D-F0EAE2524652}
	EndGlobalSection
EndGlobal
